
Microsoft Visual Studio Solution File, Format Version 12.00
# Visual Studio Version 17
VisualStudioVersion = 17.6.33829.357
MinimumVisualStudioVersion = 10.0.40219.1
Project("{FAE04EC0-301F-11D3-BF4B-00C04F79EFBC}") = "Site Colégio", "Site Colégio\Site Colégio.csproj", "{FD0CA10D-76E2-43C1-87AA-BABA15D2148D}"
EndProject
Global
	GlobalSection(SolutionConfigurationPlatforms) = preSolution
		Debug|Any CPU = Debug|Any CPU
		Release|Any CPU = Release|Any CPU
	EndGlobalSection
	GlobalSection(ProjectConfigurationPlatforms) = postSolution
		{FD0CA10D-76E2-43C1-87AA-BABA15D2148D}.Debug|Any CPU.ActiveCfg = Debug|Any CPU
		{FD0CA10D-76E2-43C1-87AA-BABA15D2148D}.Debug|Any CPU.Build.0 = Debug|Any CPU
		{FD0CA10D-76E2-43C1-87AA-BABA15D2148D}.Release|Any CPU.ActiveCfg = Release|Any CPU
		{FD0CA10D-76E2-43C1-87AA-BABA15D2148D}.Release|Any CPU.Build.0 = Release|Any CPU
	EndGlobalSection
	GlobalSection(SolutionProperties) = preSolution
		HideSolutionNode = FALSE
	EndGlobalSection
	GlobalSection(ExtensibilityGlobals) = postSolution
		SolutionGuid = {C0207416-1F3D-4586-8A0D-5FC96D37173B}
	EndGlobalSection
EndGlobal
